
Microsoft Visual Studio Solution File, Format Version 12.00
# Visual Studio Version 17
VisualStudioVersion = 17.9.34723.18
MinimumVisualStudioVersion = 10.0.40219.1
Project("{9A19103F-16F7-4668-BE54-9A1E7A4F7556}") = "BlazorSignalRBelgianCavesRegister.Client", "BlazorSignalRBelgianCavesRegister\Client\BlazorSignalRBelgianCavesRegister.Client.csproj", "{5DB4C251-0BF3-4807-B5FC-541D227BF03F}"
EndProject
Global
	GlobalSection(SolutionConfigurationPlatforms) = preSolution
		Debug|Any CPU = Debug|Any CPU
		Release|Any CPU = Release|Any CPU
	EndGlobalSection
	GlobalSection(ProjectConfigurationPlatforms) = postSolution
		{5DB4C251-0BF3-4807-B5FC-541D227BF03F}.Debug|Any CPU.ActiveCfg = Debug|Any CPU
		{5DB4C251-0BF3-4807-B5FC-541D227BF03F}.Debug|Any CPU.Build.0 = Debug|Any CPU
		{5DB4C251-0BF3-4807-B5FC-541D227BF03F}.Release|Any CPU.ActiveCfg = Release|Any CPU
		{5DB4C251-0BF3-4807-B5FC-541D227BF03F}.Release|Any CPU.Build.0 = Release|Any CPU
	EndGlobalSection
	GlobalSection(SolutionProperties) = preSolution
		HideSolutionNode = FALSE
	EndGlobalSection
	GlobalSection(ExtensibilityGlobals) = postSolution
		SolutionGuid = {B134FC35-A5C4-48EC-B288-5D746B938E49}
	EndGlobalSection
EndGlobal
